// !$*UTF8*$!
{
	archiveVersion = 1;
	classes = {
	};
	objectVersion = 46;
	objects = {

/* Begin PBXBuildFile section */
		FCB80EC41A0E2FF20022B1CA /* main.m in Sources */ = {isa = PBXBuildFile; fileRef = FCB80EC31A0E2FF20022B1CA /* main.m */; };
		FCB80EC71A0E2FF20022B1CA /* AppDelegate.m in Sources */ = {isa = PBXBuildFile; fileRef = FCB80EC61A0E2FF20022B1CA /* AppDelegate.m */; };
		FCB80ECA1A0E2FF20022B1CA /* ViewController.m in Sources */ = {isa = PBXBuildFile; fileRef = FCB80EC91A0E2FF20022B1CA /* ViewController.m */; };
		FCB80ECD1A0E2FF20022B1CA /* Main.storyboard in Resources */ = {isa = PBXBuildFile; fileRef = FCB80ECB1A0E2FF20022B1CA /* Main.storyboard */; };
		FCB80ECF1A0E2FF20022B1CA /* Images.xcassets in Resources */ = {isa = PBXBuildFile; fileRef = FCB80ECE1A0E2FF20022B1CA /* Images.xcassets */; };
		FCB80ED21A0E2FF20022B1CA /* LaunchScreen.xib in Resources */ = {isa = PBXBuildFile; fileRef = FCB80ED01A0E2FF20022B1CA /* LaunchScreen.xib */; };
		FCB80EDE1A0E2FF20022B1CA /* Walk_to_the_TopTests.m in Sources */ = {isa = PBXBuildFile; fileRef = FCB80EDD1A0E2FF20022B1CA /* Walk_to_the_TopTests.m */; };
/* End PBXBuildFile section */

/* Begin PBXContainerItemProxy section */
		FCB80ED81A0E2FF20022B1CA /* PBXContainerItemProxy */ = {
			isa = PBXContainerItemProxy;
			containerPortal = FCB80EB61A0E2FF20022B1CA /* Project object */;
			proxyType = 1;
			remoteGlobalIDString = FCB80EBD1A0E2FF20022B1CA;
			remoteInfo = "Walk to the Top";
		};
/* End PBXContainerItemProxy section */

/* Begin PBXFileReference section */
		FCB80EBE1A0E2FF20022B1CA /* Walk to the Top.app */ = {isa = PBXFileReference; explicitFileType = wrapper.application; includeInIndex = 0; path = "Walk to the Top.app"; sourceTree = BUILT_PRODUCTS_DIR; };
		FCB80EC21A0E2FF20022B1CA /* Info.plist */ = {isa = PBXFileReference; lastKnownFileType = text.plist.xml; path = Info.plist; sourceTree = "<group>"; };
		FCB80EC31A0E2FF20022B1CA /* main.m */ = {isa = PBXFileReference; lastKnownFileType = sourcecode.c.objc; path = main.m; sourceTree = "<group>"; };
		FCB80EC51A0E2FF20022B1CA /* AppDelegate.h */ = {isa = PBXFileReference; lastKnownFileType = sourcecode.c.h; path = AppDelegate.h; sourceTree = "<group>"; };
		FCB80EC61A0E2FF20022B1CA /* AppDelegate.m */ = {isa = PBXFileReference; lastKnownFileType = sourcecode.c.objc; path = AppDelegate.m; sourceTree = "<group>"; };
		FCB80EC81A0E2FF20022B1CA /* ViewController.h */ = {isa = PBXFileReference; lastKnownFileType = sourcecode.c.h; path = ViewController.h; sourceTree = "<group>"; };
		FCB80EC91A0E2FF20022B1CA /* ViewController.m */ = {isa = PBXFileReference; lastKnownFileType = sourcecode.c.objc; path = ViewController.m; sourceTree = "<group>"; };
		FCB80ECC1A0E2FF20022B1CA /* Base */ = {isa = PBXFileReference; lastKnownFileType = file.storyboard; name = Base; path = Base.lproj/Main.storyboard; sourceTree = "<group>"; };
		FCB80ECE1A0E2FF20022B1CA /* Images.xcassets */ = {isa = PBXFileReference; lastKnownFileType = folder.assetcatalog; path = Images.xcassets; sourceTree = "<group>"; };
		FCB80ED11A0E2FF20022B1CA /* Base */ = {isa = PBXFileReference; lastKnownFileType = file.xib; name = Base; path = Base.lproj/LaunchScreen.xib; sourceTree = "<group>"; };
		FCB80ED71A0E2FF20022B1CA /* Walk to the TopTests.xctest */ = {isa = PBXFileReference; explicitFileType = wrapper.cfbundle; includeInIndex = 0; path = "Walk to the TopTests.xctest"; sourceTree = BUILT_PRODUCTS_DIR; };
		FCB80EDC1A0E2FF20022B1CA /* Info.plist */ = {isa = PBXFileReference; lastKnownFileType = text.plist.xml; path = Info.plist; sourceTree = "<group>"; };
		FCB80EDD1A0E2FF20022B1CA /* Walk_to_the_TopTests.m */ = {isa = PBXFileReference; lastKnownFileType = sourcecode.c.objc; path = Walk_to_the_TopTests.m; sourceTree = "<group>"; };
/* End PBXFileReference section */

/* Begin PBXFrameworksBuildPhase section */
		FCB80EBB1A0E2FF20022B1CA /* Frameworks */ = {
			isa = PBXFrameworksBuildPhase;
			buildActionMask = 2147483647;
			files = (
			);
			runOnlyForDeploymentPostprocessing = 0;
		};
		FCB80ED41A0E2FF20022B1CA /* Frameworks */ = {
			isa = PBXFrameworksBuildPhase;
			buildActionMask = 2147483647;
			files = (
			);
			runOnlyForDeploymentPostprocessing = 0;
		};
/* End PBXFrameworksBuildPhase section */

/* Begin PBXGroup section */
		FCB80EB51A0E2FF20022B1CA = {
			isa = PBXGroup;
			children = (
				FCB80EC01A0E2FF20022B1CA /* Walk to the Top */,
				FCB80EDA1A0E2FF20022B1CA /* Walk to the TopTests */,
				FCB80EBF1A0E2FF20022B1CA /* Products */,
			);
			sourceTree = "<group>";
		};
		FCB80EBF1A0E2FF20022B1CA /* Products */ = {
			isa = PBXGroup;
			children = (
				FCB80EBE1A0E2FF20022B1CA /* Walk to the Top.app */,
				FCB80ED71A0E2FF20022B1CA /* Walk to the TopTests.xctest */,
			);
			name = Products;
			sourceTree = "<group>";
		};
		FCB80EC01A0E2FF20022B1CA /* Walk to the Top */ = {
			isa = PBXGroup;
			children = (
				FCB80EC51A0E2FF20022B1CA /* AppDelegate.h */,
				FCB80EC61A0E2FF20022B1CA /* AppDelegate.m */,
				FCB80EC81A0E2FF20022B1CA /* ViewController.h */,
				FCB80EC91A0E2FF20022B1CA /* ViewController.m */,
				FCB80ECB1A0E2FF20022B1CA /* Main.storyboard */,
				FCB80ECE1A0E2FF20022B1CA /* Images.xcassets */,
				FCB80ED01A0E2FF20022B1CA /* LaunchScreen.xib */,
				FCB80EC11A0E2FF20022B1CA /* Supporting Files */,
			);
			path = "Walk to the Top";
			sourceTree = "<group>";
		};
		FCB80EC11A0E2FF20022B1CA /* Supporting Files */ = {
			isa = PBXGroup;
			children = (
				FCB80EC21A0E2FF20022B1CA /* Info.plist */,
				FCB80EC31A0E2FF20022B1CA /* main.m */,
			);
			name = "Supporting Files";
			sourceTree = "<group>";
		};
		FCB80EDA1A0E2FF20022B1CA /* Walk to the TopTests */ = {
			isa = PBXGroup;
			children = (
				FCB80EDD1A0E2FF20022B1CA /* Walk_to_the_TopTests.m */,
				FCB80EDB1A0E2FF20022B1CA /* Supporting Files */,
			);
			path = "Walk to the TopTests";
			sourceTree = "<group>";
		};
		FCB80EDB1A0E2FF20022B1CA /* Supporting Files */ = {
			isa = PBXGroup;
			children = (
				FCB80EDC1A0E2FF20022B1CA /* Info.plist */,
			);
			name = "Supporting Files";
			sourceTree = "<group>";
		};
/* End PBXGroup section */

/* Begin PBXNativeTarget section */
		FCB80EBD1A0E2FF20022B1CA /* Walk to the Top */ = {
			isa = PBXNativeTarget;
			buildConfigurationList = FCB80EE11A0E2FF20022B1CA /* Build configuration list for PBXNativeTarget "Walk to the Top" */;
			buildPhases = (
				FCB80EBA1A0E2FF20022B1CA /* Sources */,
				FCB80EBB1A0E2FF20022B1CA /* Frameworks */,
				FCB80EBC1A0E2FF20022B1CA /* Resources */,
			);
			buildRules = (
			);
			dependencies = (
			);
			name = "Walk to the Top";
			productName = "Walk to the Top";
			productReference = FCB80EBE1A0E2FF20022B1CA /* Walk to the Top.app */;
			productType = "com.apple.product-type.application";
		};
		FCB80ED61A0E2FF20022B1CA /* Walk to the TopTests */ = {
			isa = PBXNativeTarget;
			buildConfigurationList = FCB80EE41A0E2FF20022B1CA /* Build configuration list for PBXNativeTarget "Walk to the TopTests" */;
			buildPhases = (
				FCB80ED31A0E2FF20022B1CA /* Sources */,
				FCB80ED41A0E2FF20022B1CA /* Frameworks */,
				FCB80ED51A0E2FF20022B1CA /* Resources */,
			);
			buildRules = (
			);
			dependencies = (
				FCB80ED91A0E2FF20022B1CA /* PBXTargetDependency */,
			);
			name = "Walk to the TopTests";
			productName = "Walk to the TopTests";
			productReference = FCB80ED71A0E2FF20022B1CA /* Walk to the TopTests.xctest */;
			productType = "com.apple.product-type.bundle.unit-test";
		};
/* End PBXNativeTarget section */

/* Begin PBXProject section */
		FCB80EB61A0E2FF20022B1CA /* Project object */ = {
			isa = PBXProject;
			attributes = {
				LastUpgradeCheck = 0610;
				ORGANIZATIONNAME = "Step By Step";
				TargetAttributes = {
					FCB80EBD1A0E2FF20022B1CA = {
						CreatedOnToolsVersion = 6.1;
					};
					FCB80ED61A0E2FF20022B1CA = {
						CreatedOnToolsVersion = 6.1;
						TestTargetID = FCB80EBD1A0E2FF20022B1CA;
					};
				};
			};
			buildConfigurationList = FCB80EB91A0E2FF20022B1CA /* Build configuration list for PBXProject "Walk to the Top" */;
			compatibilityVersion = "Xcode 3.2";
			developmentRegion = English;
			hasScannedForEncodings = 0;
			knownRegions = (
				en,
				Base,
			);
			mainGroup = FCB80EB51A0E2FF20022B1CA;
			productRefGroup = FCB80EBF1A0E2FF20022B1CA /* Products */;
			projectDirPath = "";
			projectRoot = "";
			targets = (
				FCB80EBD1A0E2FF20022B1CA /* Walk to the Top */,
				FCB80ED61A0E2FF20022B1CA /* Walk to the TopTests */,
			);
		};
/* End PBXProject section */

/* Begin PBXResourcesBuildPhase section */
		FCB80EBC1A0E2FF20022B1CA /* Resources */ = {
			isa = PBXResourcesBuildPhase;
			buildActionMask = 2147483647;
			files = (
				FCB80ECD1A0E2FF20022B1CA /* Main.storyboard in Resources */,
				FCB80ED21A0E2FF20022B1CA /* LaunchScreen.xib in Resources */,
				FCB80ECF1A0E2FF20022B1CA /* Images.xcassets in Resources */,
			);
			runOnlyForDeploymentPostprocessing = 0;
		};
		FCB80ED51A0E2FF20022B1CA /* Resources */ = {
			isa = PBXResourcesBuildPhase;
			buildActionMask = 2147483647;
			files = (
			);
			runOnlyForDeploymentPostprocessing = 0;
		};
/* End PBXResourcesBuildPhase section */

/* Begin PBXSourcesBuildPhase section */
		FCB80EBA1A0E2FF20022B1CA /* Sources */ = {
			isa = PBXSourcesBuildPhase;
			buildActionMask = 2147483647;
			files = (
				FCB80ECA1A0E2FF20022B1CA /* ViewController.m in Sources */,
				FCB80EC71A0E2FF20022B1CA /* AppDelegate.m in Sources */,
				FCB80EC41A0E2FF20022B1CA /* main.m in Sources */,
			);
			runOnlyForDeploymentPostprocessing = 0;
		};
		FCB80ED31A0E2FF20022B1CA /* Sources */ = {
			isa = PBXSourcesBuildPhase;
			buildActionMask = 2147483647;
			files = (
				FCB80EDE1A0E2FF20022B1CA /* Walk_to_the_TopTests.m in Sources */,
			);
			runOnlyForDeploymentPostprocessing = 0;
		};
/* End PBXSourcesBuildPhase section */

/* Begin PBXTargetDependency section */
		FCB80ED91A0E2FF20022B1CA /* PBXTargetDependency */ = {
			isa = PBXTargetDependency;
			target = FCB80EBD1A0E2FF20022B1CA /* Walk to the Top */;
			targetProxy = FCB80ED81A0E2FF20022B1CA /* PBXContainerItemProxy */;
		};
/* End PBXTargetDependency section */

/* Begin PBXVariantGroup section */
		FCB80ECB1A0E2FF20022B1CA /* Main.storyboard */ = {
			isa = PBXVariantGroup;
			children = (
				FCB80ECC1A0E2FF20022B1CA /* Base */,
			);
			name = Main.storyboard;
			sourceTree = "<group>";
		};
		FCB80ED01A0E2FF20022B1CA /* LaunchScreen.xib */ = {
			isa = PBXVariantGroup;
			children = (
				FCB80ED11A0E2FF20022B1CA /* Base */,
			);
			name = LaunchScreen.xib;
			sourceTree = "<group>";
		};
/* End PBXVariantGroup section */

/* Begin XCBuildConfiguration section */
		FCB80EDF1A0E2FF20022B1CA /* Debug */ = {
			isa = XCBuildConfiguration;
			buildSettings = {
				ALWAYS_SEARCH_USER_PATHS = NO;
				CLANG_CXX_LANGUAGE_STANDARD = "gnu++0x";
				CLANG_CXX_LIBRARY = "libc++";
				CLANG_ENABLE_MODULES = YES;
				CLANG_ENABLE_OBJC_ARC = YES;
				CLANG_WARN_BOOL_CONVERSION = YES;
				CLANG_WARN_CONSTANT_CONVERSION = YES;
				CLANG_WARN_DIRECT_OBJC_ISA_USAGE = YES_ERROR;
				CLANG_WARN_EMPTY_BODY = YES;
				CLANG_WARN_ENUM_CONVERSION = YES;
				CLANG_WARN_INT_CONVERSION = YES;
				CLANG_WARN_OBJC_ROOT_CLASS = YES_ERROR;
				CLANG_WARN_UNREACHABLE_CODE = YES;
				CLANG_WARN__DUPLICATE_METHOD_MATCH = YES;
				"CODE_SIGN_IDENTITY[sdk=iphoneos*]" = "iPhone Developer";
				COPY_PHASE_STRIP = NO;
				ENABLE_STRICT_OBJC_MSGSEND = YES;
				GCC_C_LANGUAGE_STANDARD = gnu99;
				GCC_DYNAMIC_NO_PIC = NO;
				GCC_OPTIMIZATION_LEVEL = 0;
				GCC_PREPROCESSOR_DEFINITIONS = (
					"DEBUG=1",
					"$(inherited)",
				);
				GCC_SYMBOLS_PRIVATE_EXTERN = NO;
				GCC_WARN_64_TO_32_BIT_CONVERSION = YES;
				GCC_WARN_ABOUT_RETURN_TYPE = YES_ERROR;
				GCC_WARN_UNDECLARED_SELECTOR = YES;
				GCC_WARN_UNINITIALIZED_AUTOS = YES_AGGRESSIVE;
				GCC_WARN_UNUSED_FUNCTION = YES;
				GCC_WARN_UNUSED_VARIABLE = YES;
				IPHONEOS_DEPLOYMENT_TARGET = 8.1;
				MTL_ENABLE_DEBUG_INFO = YES;
				ONLY_ACTIVE_ARCH = YES;
				SDKROOT = iphoneos;
			};
			name = Debug;
		};
		FCB80EE01A0E2FF20022B1CA /* Release */ = {
			isa = XCBuildConfiguration;
			buildSettings = {
				ALWAYS_SEARCH_USER_PATHS = NO;
				CLANG_CXX_LANGUAGE_STANDARD = "gnu++0x";
				CLANG_CXX_LIBRARY = "libc++";
				CLANG_ENABLE_MODULES = YES;
				CLANG_ENABLE_OBJC_ARC = YES;
				CLANG_WARN_BOOL_CONVERSION = YES;
				CLANG_WARN_CONSTANT_CONVERSION = YES;
				CLANG_WARN_DIRECT_OBJC_ISA_USAGE = YES_ERROR;
				CLANG_WARN_EMPTY_BODY = YES;
				CLANG_WARN_ENUM_CONVERSION = YES;
				CLANG_WARN_INT_CONVERSION = YES;
				CLANG_WARN_OBJC_ROOT_CLASS = YES_ERROR;
				CLANG_WARN_UNREACHABLE_CODE = YES;
				CLANG_WARN__DUPLICATE_METHOD_MATCH = YES;
				"CODE_SIGN_IDENTITY[sdk=iphoneos*]" = "iPhone Developer";
				COPY_PHASE_STRIP = YES;
				ENABLE_NS_ASSERTIONS = NO;
				ENABLE_STRICT_OBJC_MSGSEND = YES;
				GCC_C_LANGUAGE_STANDARD = gnu99;
				GCC_WARN_64_TO_32_BIT_CONVERSION = YES;
				GCC_WARN_ABOUT_RETURN_TYPE = YES_ERROR;
				GCC_WARN_UNDECLARED_SELECTOR = YES;
				GCC_WARN_UNINITIALIZED_AUTOS = YES_AGGRESSIVE;
				GCC_WARN_UNUSED_FUNCTION = YES;
				GCC_WARN_UNUSED_VARIABLE = YES;
				IPHONEOS_DEPLOYMENT_TARGET = 8.1;
				MTL_ENABLE_DEBUG_INFO = NO;
				SDKROOT = iphoneos;
				VALIDATE_PRODUCT = YES;
			};
			name = Release;
		};
		FCB80EE21A0E2FF20022B1CA /* Debug */ = {
			isa = XCBuildConfiguration;
			buildSettings = {
				ASSETCATALOG_COMPILER_APPICON_NAME = AppIcon;
				INFOPLIST_FILE = "Walk to the Top/Info.plist";
				LD_RUNPATH_SEARCH_PATHS = "$(inherited) @executable_path/Frameworks";
				PRODUCT_NAME = "$(TARGET_NAME)";
			};
			name = Debug;
		};
		FCB80EE31A0E2FF20022B1CA /* Release */ = {
			isa = XCBuildConfiguration;
			buildSettings = {
				ASSETCATALOG_COMPILER_APPICON_NAME = AppIcon;
				INFOPLIST_FILE = "Walk to the Top/Info.plist";
				LD_RUNPATH_SEARCH_PATHS = "$(inherited) @executable_path/Frameworks";
				PRODUCT_NAME = "$(TARGET_NAME)";
			};
			name = Release;
		};
		FCB80EE51A0E2FF20022B1CA /* Debug */ = {
			isa = XCBuildConfiguration;
			buildSettings = {
				BUNDLE_LOADER = "$(TEST_HOST)";
				FRAMEWORK_SEARCH_PATHS = (
					"$(SDKROOT)/Developer/Library/Frameworks",
					"$(inherited)",
				);
				GCC_PREPROCESSOR_DEFINITIONS = (
					"DEBUG=1",
					"$(inherited)",
				);
				INFOPLIST_FILE = "Walk to the TopTests/Info.plist";
				LD_RUNPATH_SEARCH_PATHS = "$(inherited) @executable_path/Frameworks @loader_path/Frameworks";
				PRODUCT_NAME = "$(TARGET_NAME)";
				TEST_HOST = "$(BUILT_PRODUCTS_DIR)/Walk to the Top.app/Walk to the Top";
			};
			name = Debug;
		};
		FCB80EE61A0E2FF20022B1CA /* Release */ = {
			isa = XCBuildConfiguration;
			buildSettings = {
				BUNDLE_LOADER = "$(TEST_HOST)";
				FRAMEWORK_SEARCH_PATHS = (
					"$(SDKROOT)/Developer/Library/Frameworks",
					"$(inherited)",
				);
				INFOPLIST_FILE = "Walk to the TopTests/Info.plist";
				LD_RUNPATH_SEARCH_PATHS = "$(inherited) @executable_path/Frameworks @loader_path/Frameworks";
				PRODUCT_NAME = "$(TARGET_NAME)";
				TEST_HOST = "$(BUILT_PRODUCTS_DIR)/Walk to the Top.app/Walk to the Top";
			};
			name = Release;
		};
/* End XCBuildConfiguration section */

/* Begin XCConfigurationList section */
		FCB80EB91A0E2FF20022B1CA /* Build configuration list for PBXProject "Walk to the Top" */ = {
			isa = XCConfigurationList;
			buildConfigurations = (
				FCB80EDF1A0E2FF20022B1CA /* Debug */,
				FCB80EE01A0E2FF20022B1CA /* Release */,
			);
			defaultConfigurationIsVisible = 0;
			defaultConfigurationName = Release;
		};
		FCB80EE11A0E2FF20022B1CA /* Build configuration list for PBXNativeTarget "Walk to the Top" */ = {
			isa = XCConfigurationList;
			buildConfigurations = (
				FCB80EE21A0E2FF20022B1CA /* Debug */,
				FCB80EE31A0E2FF20022B1CA /* Release */,
			);
			defaultConfigurationIsVisible = 0;
		};
		FCB80EE41A0E2FF20022B1CA /* Build configuration list for PBXNativeTarget "Walk to the TopTests" */ = {
			isa = XCConfigurationList;
			buildConfigurations = (
				FCB80EE51A0E2FF20022B1CA /* Debug */,
				FCB80EE61A0E2FF20022B1CA /* Release */,
			);
			defaultConfigurationIsVisible = 0;
		};
/* End XCConfigurationList section */
	};
	rootObject = FCB80EB61A0E2FF20022B1CA /* Project object */;
}
