// !$*UTF8*$!
{
	archiveVersion = 1;
	classes = {
	};
	objectVersion = 46;
	objects = {

/* Begin PBXBuildFile section */
		FC1CC9951A0EDD0300C54BD1 /* Parse.framework in Frameworks */ = {isa = PBXBuildFile; fileRef = FC1CC9941A0EDD0300C54BD1 /* Parse.framework */; };
		FC2FA86A1A0EC89100A50B3B /* Accounts.framework in Frameworks */ = {isa = PBXBuildFile; fileRef = FC2FA85E1A0EC89100A50B3B /* Accounts.framework */; };
		FC2FA86B1A0EC89100A50B3B /* AudioToolbox.framework in Frameworks */ = {isa = PBXBuildFile; fileRef = FC2FA85F1A0EC89100A50B3B /* AudioToolbox.framework */; };
		FC2FA86C1A0EC89100A50B3B /* CFNetwork.framework in Frameworks */ = {isa = PBXBuildFile; fileRef = FC2FA8601A0EC89100A50B3B /* CFNetwork.framework */; };
		FC2FA86D1A0EC89100A50B3B /* CoreGraphics.framework in Frameworks */ = {isa = PBXBuildFile; fileRef = FC2FA8611A0EC89100A50B3B /* CoreGraphics.framework */; };
		FC2FA86E1A0EC89100A50B3B /* CoreLocation.framework in Frameworks */ = {isa = PBXBuildFile; fileRef = FC2FA8621A0EC89100A50B3B /* CoreLocation.framework */; };
		FC2FA86F1A0EC89100A50B3B /* libz.dylib in Frameworks */ = {isa = PBXBuildFile; fileRef = FC2FA8631A0EC89100A50B3B /* libz.dylib */; };
		FC2FA8701A0EC89100A50B3B /* MobileCoreServices.framework in Frameworks */ = {isa = PBXBuildFile; fileRef = FC2FA8641A0EC89100A50B3B /* MobileCoreServices.framework */; };
		FC2FA8711A0EC89100A50B3B /* QuartzCore.framework in Frameworks */ = {isa = PBXBuildFile; fileRef = FC2FA8651A0EC89100A50B3B /* QuartzCore.framework */; };
		FC2FA8721A0EC89100A50B3B /* Security.framework in Frameworks */ = {isa = PBXBuildFile; fileRef = FC2FA8661A0EC89100A50B3B /* Security.framework */; };
		FC2FA8731A0EC89100A50B3B /* Social.framework in Frameworks */ = {isa = PBXBuildFile; fileRef = FC2FA8671A0EC89100A50B3B /* Social.framework */; };
		FC2FA8741A0EC89100A50B3B /* StoreKit.framework in Frameworks */ = {isa = PBXBuildFile; fileRef = FC2FA8681A0EC89100A50B3B /* StoreKit.framework */; };
		FC2FA8751A0EC89100A50B3B /* SystemConfiguration.framework in Frameworks */ = {isa = PBXBuildFile; fileRef = FC2FA8691A0EC89100A50B3B /* SystemConfiguration.framework */; };
		FC2FA8771A0ECCD300A50B3B /* Bolts.framework in Frameworks */ = {isa = PBXBuildFile; fileRef = FC2FA8761A0ECCD300A50B3B /* Bolts.framework */; };
		FC62716B1A0E443B00E9DB81 /* mainScreenVC.m in Sources */ = {isa = PBXBuildFile; fileRef = FC62716A1A0E443B00E9DB81 /* mainScreenVC.m */; };
		FC62716F1A0E494200E9DB81 /* trackfield-568h@2x.png in Resources */ = {isa = PBXBuildFile; fileRef = FC62716E1A0E494200E9DB81 /* trackfield-568h@2x.png */; };
		FC6271721A0E49E500E9DB81 /* track.png in Resources */ = {isa = PBXBuildFile; fileRef = FC6271701A0E49E500E9DB81 /* track.png */; };
		FC6271731A0E49E500E9DB81 /* track-568h@2x.png in Resources */ = {isa = PBXBuildFile; fileRef = FC6271711A0E49E500E9DB81 /* track-568h@2x.png */; };
		FCB80EC41A0E2FF20022B1CA /* main.m in Sources */ = {isa = PBXBuildFile; fileRef = FCB80EC31A0E2FF20022B1CA /* main.m */; };
		FCB80EC71A0E2FF20022B1CA /* AppDelegate.m in Sources */ = {isa = PBXBuildFile; fileRef = FCB80EC61A0E2FF20022B1CA /* AppDelegate.m */; };
		FCB80ECA1A0E2FF20022B1CA /* mainViewController.m in Sources */ = {isa = PBXBuildFile; fileRef = FCB80EC91A0E2FF20022B1CA /* mainViewController.m */; };
		FCB80ECD1A0E2FF20022B1CA /* Main.storyboard in Resources */ = {isa = PBXBuildFile; fileRef = FCB80ECB1A0E2FF20022B1CA /* Main.storyboard */; };
		FCB80ECF1A0E2FF20022B1CA /* Images.xcassets in Resources */ = {isa = PBXBuildFile; fileRef = FCB80ECE1A0E2FF20022B1CA /* Images.xcassets */; };
		FCB80EDE1A0E2FF20022B1CA /* Walk_to_the_TopTests.m in Sources */ = {isa = PBXBuildFile; fileRef = FCB80EDD1A0E2FF20022B1CA /* Walk_to_the_TopTests.m */; };
/* End PBXBuildFile section */

/* Begin PBXContainerItemProxy section */
		FCB80ED81A0E2FF20022B1CA /* PBXContainerItemProxy */ = {
			isa = PBXContainerItemProxy;
			containerPortal = FCB80EB61A0E2FF20022B1CA /* Project object */;
			proxyType = 1;
			remoteGlobalIDString = FCB80EBD1A0E2FF20022B1CA;
			remoteInfo = "Walk to the Top";
		};
/* End PBXContainerItemProxy section */

/* Begin PBXFileReference section */
		FC1CC9941A0EDD0300C54BD1 /* Parse.framework */ = {isa = PBXFileReference; lastKnownFileType = wrapper.framework; path = Parse.framework; sourceTree = "<group>"; };
		FC2FA85E1A0EC89100A50B3B /* Accounts.framework */ = {isa = PBXFileReference; lastKnownFileType = wrapper.framework; name = Accounts.framework; path = System/Library/Frameworks/Accounts.framework; sourceTree = SDKROOT; };
		FC2FA85F1A0EC89100A50B3B /* AudioToolbox.framework */ = {isa = PBXFileReference; lastKnownFileType = wrapper.framework; name = AudioToolbox.framework; path = System/Library/Frameworks/AudioToolbox.framework; sourceTree = SDKROOT; };
		FC2FA8601A0EC89100A50B3B /* CFNetwork.framework */ = {isa = PBXFileReference; lastKnownFileType = wrapper.framework; name = CFNetwork.framework; path = System/Library/Frameworks/CFNetwork.framework; sourceTree = SDKROOT; };
		FC2FA8611A0EC89100A50B3B /* CoreGraphics.framework */ = {isa = PBXFileReference; lastKnownFileType = wrapper.framework; name = CoreGraphics.framework; path = System/Library/Frameworks/CoreGraphics.framework; sourceTree = SDKROOT; };
		FC2FA8621A0EC89100A50B3B /* CoreLocation.framework */ = {isa = PBXFileReference; lastKnownFileType = wrapper.framework; name = CoreLocation.framework; path = System/Library/Frameworks/CoreLocation.framework; sourceTree = SDKROOT; };
		FC2FA8631A0EC89100A50B3B /* libz.dylib */ = {isa = PBXFileReference; lastKnownFileType = "compiled.mach-o.dylib"; name = libz.dylib; path = usr/lib/libz.dylib; sourceTree = SDKROOT; };
		FC2FA8641A0EC89100A50B3B /* MobileCoreServices.framework */ = {isa = PBXFileReference; lastKnownFileType = wrapper.framework; name = MobileCoreServices.framework; path = System/Library/Frameworks/MobileCoreServices.framework; sourceTree = SDKROOT; };
		FC2FA8651A0EC89100A50B3B /* QuartzCore.framework */ = {isa = PBXFileReference; lastKnownFileType = wrapper.framework; name = QuartzCore.framework; path = System/Library/Frameworks/QuartzCore.framework; sourceTree = SDKROOT; };
		FC2FA8661A0EC89100A50B3B /* Security.framework */ = {isa = PBXFileReference; lastKnownFileType = wrapper.framework; name = Security.framework; path = System/Library/Frameworks/Security.framework; sourceTree = SDKROOT; };
		FC2FA8671A0EC89100A50B3B /* Social.framework */ = {isa = PBXFileReference; lastKnownFileType = wrapper.framework; name = Social.framework; path = System/Library/Frameworks/Social.framework; sourceTree = SDKROOT; };
		FC2FA8681A0EC89100A50B3B /* StoreKit.framework */ = {isa = PBXFileReference; lastKnownFileType = wrapper.framework; name = StoreKit.framework; path = System/Library/Frameworks/StoreKit.framework; sourceTree = SDKROOT; };
		FC2FA8691A0EC89100A50B3B /* SystemConfiguration.framework */ = {isa = PBXFileReference; lastKnownFileType = wrapper.framework; name = SystemConfiguration.framework; path = System/Library/Frameworks/SystemConfiguration.framework; sourceTree = SDKROOT; };
		FC2FA8761A0ECCD300A50B3B /* Bolts.framework */ = {isa = PBXFileReference; lastKnownFileType = wrapper.framework; path = Bolts.framework; sourceTree = "<group>"; };
		FC6271691A0E440C00E9DB81 /* mainScreenVC.h */ = {isa = PBXFileReference; lastKnownFileType = sourcecode.c.h; path = mainScreenVC.h; sourceTree = "<group>"; };
		FC62716A1A0E443B00E9DB81 /* mainScreenVC.m */ = {isa = PBXFileReference; fileEncoding = 4; lastKnownFileType = sourcecode.c.objc; path = mainScreenVC.m; sourceTree = "<group>"; };
		FC62716E1A0E494200E9DB81 /* trackfield-568h@2x.png */ = {isa = PBXFileReference; lastKnownFileType = image.png; path = "trackfield-568h@2x.png"; sourceTree = "<group>"; };
		FC6271701A0E49E500E9DB81 /* track.png */ = {isa = PBXFileReference; lastKnownFileType = image.png; path = track.png; sourceTree = "<group>"; };
		FC6271711A0E49E500E9DB81 /* track-568h@2x.png */ = {isa = PBXFileReference; lastKnownFileType = image.png; path = "track-568h@2x.png"; sourceTree = "<group>"; };
		FCB80EBE1A0E2FF20022B1CA /* Walk to the Top.app */ = {isa = PBXFileReference; explicitFileType = wrapper.application; includeInIndex = 0; path = "Walk to the Top.app"; sourceTree = BUILT_PRODUCTS_DIR; };
		FCB80EC21A0E2FF20022B1CA /* Info.plist */ = {isa = PBXFileReference; lastKnownFileType = text.plist.xml; path = Info.plist; sourceTree = "<group>"; };
		FCB80EC31A0E2FF20022B1CA /* main.m */ = {isa = PBXFileReference; lastKnownFileType = sourcecode.c.objc; path = main.m; sourceTree = "<group>"; };
		FCB80EC51A0E2FF20022B1CA /* AppDelegate.h */ = {isa = PBXFileReference; lastKnownFileType = sourcecode.c.h; path = AppDelegate.h; sourceTree = "<group>"; };
		FCB80EC61A0E2FF20022B1CA /* AppDelegate.m */ = {isa = PBXFileReference; lastKnownFileType = sourcecode.c.objc; path = AppDelegate.m; sourceTree = "<group>"; };
		FCB80EC81A0E2FF20022B1CA /* mainViewController.h */ = {isa = PBXFileReference; lastKnownFileType = sourcecode.c.h; path = mainViewController.h; sourceTree = "<group>"; };
		FCB80EC91A0E2FF20022B1CA /* mainViewController.m */ = {isa = PBXFileReference; lastKnownFileType = sourcecode.c.objc; path = mainViewController.m; sourceTree = "<group>"; };
		FCB80ECC1A0E2FF20022B1CA /* Base */ = {isa = PBXFileReference; lastKnownFileType = file.storyboard; name = Base; path = Base.lproj/Main.storyboard; sourceTree = "<group>"; };
		FCB80ECE1A0E2FF20022B1CA /* Images.xcassets */ = {isa = PBXFileReference; lastKnownFileType = folder.assetcatalog; path = Images.xcassets; sourceTree = "<group>"; };
		FCB80ED71A0E2FF20022B1CA /* Walk to the TopTests.xctest */ = {isa = PBXFileReference; explicitFileType = wrapper.cfbundle; includeInIndex = 0; path = "Walk to the TopTests.xctest"; sourceTree = BUILT_PRODUCTS_DIR; };
		FCB80EDC1A0E2FF20022B1CA /* Info.plist */ = {isa = PBXFileReference; lastKnownFileType = text.plist.xml; path = Info.plist; sourceTree = "<group>"; };
		FCB80EDD1A0E2FF20022B1CA /* Walk_to_the_TopTests.m */ = {isa = PBXFileReference; lastKnownFileType = sourcecode.c.objc; path = Walk_to_the_TopTests.m; sourceTree = "<group>"; };
/* End PBXFileReference section */

/* Begin PBXFrameworksBuildPhase section */
		FCB80EBB1A0E2FF20022B1CA /* Frameworks */ = {
			isa = PBXFrameworksBuildPhase;
			buildActionMask = 2147483647;
			files = (
				FC2FA86A1A0EC89100A50B3B /* Accounts.framework in Frameworks */,
				FC2FA86B1A0EC89100A50B3B /* AudioToolbox.framework in Frameworks */,
				FC2FA86C1A0EC89100A50B3B /* CFNetwork.framework in Frameworks */,
				FC2FA86D1A0EC89100A50B3B /* CoreGraphics.framework in Frameworks */,
				FC2FA86E1A0EC89100A50B3B /* CoreLocation.framework in Frameworks */,
				FC2FA86F1A0EC89100A50B3B /* libz.dylib in Frameworks */,
				FC2FA8701A0EC89100A50B3B /* MobileCoreServices.framework in Frameworks */,
				FC2FA8771A0ECCD300A50B3B /* Bolts.framework in Frameworks */,
				FC2FA8711A0EC89100A50B3B /* QuartzCore.framework in Frameworks */,
				FC2FA8721A0EC89100A50B3B /* Security.framework in Frameworks */,
				FC1CC9951A0EDD0300C54BD1 /* Parse.framework in Frameworks */,
				FC2FA8731A0EC89100A50B3B /* Social.framework in Frameworks */,
				FC2FA8741A0EC89100A50B3B /* StoreKit.framework in Frameworks */,
				FC2FA8751A0EC89100A50B3B /* SystemConfiguration.framework in Frameworks */,
			);
			runOnlyForDeploymentPostprocessing = 0;
		};
		FCB80ED41A0E2FF20022B1CA /* Frameworks */ = {
			isa = PBXFrameworksBuildPhase;
			buildActionMask = 2147483647;
			files = (
			);
			runOnlyForDeploymentPostprocessing = 0;
		};
/* End PBXFrameworksBuildPhase section */

/* Begin PBXGroup section */
		FCB80EB51A0E2FF20022B1CA = {
			isa = PBXGroup;
			children = (
				FC1CC9941A0EDD0300C54BD1 /* Parse.framework */,
				FC2FA8761A0ECCD300A50B3B /* Bolts.framework */,
				FC2FA85E1A0EC89100A50B3B /* Accounts.framework */,
				FC2FA85F1A0EC89100A50B3B /* AudioToolbox.framework */,
				FC2FA8601A0EC89100A50B3B /* CFNetwork.framework */,
				FC2FA8611A0EC89100A50B3B /* CoreGraphics.framework */,
				FC2FA8621A0EC89100A50B3B /* CoreLocation.framework */,
				FC2FA8631A0EC89100A50B3B /* libz.dylib */,
				FC2FA8641A0EC89100A50B3B /* MobileCoreServices.framework */,
				FC2FA8651A0EC89100A50B3B /* QuartzCore.framework */,
				FC2FA8661A0EC89100A50B3B /* Security.framework */,
				FC2FA8671A0EC89100A50B3B /* Social.framework */,
				FC2FA8681A0EC89100A50B3B /* StoreKit.framework */,
				FC2FA8691A0EC89100A50B3B /* SystemConfiguration.framework */,
				FC62716E1A0E494200E9DB81 /* trackfield-568h@2x.png */,
				FCB80EC01A0E2FF20022B1CA /* Walk to the Top */,
				FCB80EDA1A0E2FF20022B1CA /* Walk to the TopTests */,
				FCB80EBF1A0E2FF20022B1CA /* Products */,
			);
			sourceTree = "<group>";
		};
		FCB80EBF1A0E2FF20022B1CA /* Products */ = {
			isa = PBXGroup;
			children = (
				FCB80EBE1A0E2FF20022B1CA /* Walk to the Top.app */,
				FCB80ED71A0E2FF20022B1CA /* Walk to the TopTests.xctest */,
			);
			name = Products;
			sourceTree = "<group>";
		};
		FCB80EC01A0E2FF20022B1CA /* Walk to the Top */ = {
			isa = PBXGroup;
			children = (
				FCB80EE71A0E302D0022B1CA /* Images */,
				FCB80EC51A0E2FF20022B1CA /* AppDelegate.h */,
				FCB80EC61A0E2FF20022B1CA /* AppDelegate.m */,
				FC6271691A0E440C00E9DB81 /* mainScreenVC.h */,
				FC62716A1A0E443B00E9DB81 /* mainScreenVC.m */,
				FCB80EC81A0E2FF20022B1CA /* mainViewController.h */,
				FCB80EC91A0E2FF20022B1CA /* mainViewController.m */,
				FCB80ECB1A0E2FF20022B1CA /* Main.storyboard */,
				FCB80ECE1A0E2FF20022B1CA /* Images.xcassets */,
				FCB80EC11A0E2FF20022B1CA /* Supporting Files */,
			);
			path = "Walk to the Top";
			sourceTree = "<group>";
		};
		FCB80EC11A0E2FF20022B1CA /* Supporting Files */ = {
			isa = PBXGroup;
			children = (
				FCB80EC21A0E2FF20022B1CA /* Info.plist */,
				FCB80EC31A0E2FF20022B1CA /* main.m */,
			);
			name = "Supporting Files";
			sourceTree = "<group>";
		};
		FCB80EDA1A0E2FF20022B1CA /* Walk to the TopTests */ = {
			isa = PBXGroup;
			children = (
				FCB80EDD1A0E2FF20022B1CA /* Walk_to_the_TopTests.m */,
				FCB80EDB1A0E2FF20022B1CA /* Supporting Files */,
			);
			path = "Walk to the TopTests";
			sourceTree = "<group>";
		};
		FCB80EDB1A0E2FF20022B1CA /* Supporting Files */ = {
			isa = PBXGroup;
			children = (
				FCB80EDC1A0E2FF20022B1CA /* Info.plist */,
			);
			name = "Supporting Files";
			sourceTree = "<group>";
		};
		FCB80EE71A0E302D0022B1CA /* Images */ = {
			isa = PBXGroup;
			children = (
				FC6271701A0E49E500E9DB81 /* track.png */,
				FC6271711A0E49E500E9DB81 /* track-568h@2x.png */,
			);
			name = Images;
			sourceTree = "<group>";
		};
/* End PBXGroup section */

/* Begin PBXNativeTarget section */
		FCB80EBD1A0E2FF20022B1CA /* Walk to the Top */ = {
			isa = PBXNativeTarget;
			buildConfigurationList = FCB80EE11A0E2FF20022B1CA /* Build configuration list for PBXNativeTarget "Walk to the Top" */;
			buildPhases = (
				FCB80EBA1A0E2FF20022B1CA /* Sources */,
				FCB80EBB1A0E2FF20022B1CA /* Frameworks */,
				FCB80EBC1A0E2FF20022B1CA /* Resources */,
			);
			buildRules = (
			);
			dependencies = (
			);
			name = "Walk to the Top";
			productName = "Walk to the Top";
			productReference = FCB80EBE1A0E2FF20022B1CA /* Walk to the Top.app */;
			productType = "com.apple.product-type.application";
		};
		FCB80ED61A0E2FF20022B1CA /* Walk to the TopTests */ = {
			isa = PBXNativeTarget;
			buildConfigurationList = FCB80EE41A0E2FF20022B1CA /* Build configuration list for PBXNativeTarget "Walk to the TopTests" */;
			buildPhases = (
				FCB80ED31A0E2FF20022B1CA /* Sources */,
				FCB80ED41A0E2FF20022B1CA /* Frameworks */,
				FCB80ED51A0E2FF20022B1CA /* Resources */,
			);
			buildRules = (
			);
			dependencies = (
				FCB80ED91A0E2FF20022B1CA /* PBXTargetDependency */,
			);
			name = "Walk to the TopTests";
			productName = "Walk to the TopTests";
			productReference = FCB80ED71A0E2FF20022B1CA /* Walk to the TopTests.xctest */;
			productType = "com.apple.product-type.bundle.unit-test";
		};
/* End PBXNativeTarget section */

/* Begin PBXProject section */
		FCB80EB61A0E2FF20022B1CA /* Project object */ = {
			isa = PBXProject;
			attributes = {
				LastUpgradeCheck = 0610;
				ORGANIZATIONNAME = "Step By Step";
				TargetAttributes = {
					FCB80EBD1A0E2FF20022B1CA = {
						CreatedOnToolsVersion = 6.1;
						DevelopmentTeam = 2S3D8J8M3T;
					};
					FCB80ED61A0E2FF20022B1CA = {
						CreatedOnToolsVersion = 6.1;
						TestTargetID = FCB80EBD1A0E2FF20022B1CA;
					};
				};
			};
			buildConfigurationList = FCB80EB91A0E2FF20022B1CA /* Build configuration list for PBXProject "Walk to the Top" */;
			compatibilityVersion = "Xcode 3.2";
			developmentRegion = English;
			hasScannedForEncodings = 0;
			knownRegions = (
				en,
				Base,
			);
			mainGroup = FCB80EB51A0E2FF20022B1CA;
			productRefGroup = FCB80EBF1A0E2FF20022B1CA /* Products */;
			projectDirPath = "";
			projectRoot = "";
			targets = (
				FCB80EBD1A0E2FF20022B1CA /* Walk to the Top */,
				FCB80ED61A0E2FF20022B1CA /* Walk to the TopTests */,
			);
		};
/* End PBXProject section */

/* Begin PBXResourcesBuildPhase section */
		FCB80EBC1A0E2FF20022B1CA /* Resources */ = {
			isa = PBXResourcesBuildPhase;
			buildActionMask = 2147483647;
			files = (
				FC62716F1A0E494200E9DB81 /* trackfield-568h@2x.png in Resources */,
				FC6271731A0E49E500E9DB81 /* track-568h@2x.png in Resources */,
				FC6271721A0E49E500E9DB81 /* track.png in Resources */,
				FCB80ECD1A0E2FF20022B1CA /* Main.storyboard in Resources */,
				FCB80ECF1A0E2FF20022B1CA /* Images.xcassets in Resources */,
			);
			runOnlyForDeploymentPostprocessing = 0;
		};
		FCB80ED51A0E2FF20022B1CA /* Resources */ = {
			isa = PBXResourcesBuildPhase;
			buildActionMask = 2147483647;
			files = (
			);
			runOnlyForDeploymentPostprocessing = 0;
		};
/* End PBXResourcesBuildPhase section */

/* Begin PBXSourcesBuildPhase section */
		FCB80EBA1A0E2FF20022B1CA /* Sources */ = {
			isa = PBXSourcesBuildPhase;
			buildActionMask = 2147483647;
			files = (
				FCB80ECA1A0E2FF20022B1CA /* mainViewController.m in Sources */,
				FCB80EC71A0E2FF20022B1CA /* AppDelegate.m in Sources */,
				FCB80EC41A0E2FF20022B1CA /* main.m in Sources */,
				FC62716B1A0E443B00E9DB81 /* mainScreenVC.m in Sources */,
			);
			runOnlyForDeploymentPostprocessing = 0;
		};
		FCB80ED31A0E2FF20022B1CA /* Sources */ = {
			isa = PBXSourcesBuildPhase;
			buildActionMask = 2147483647;
			files = (
				FCB80EDE1A0E2FF20022B1CA /* Walk_to_the_TopTests.m in Sources */,
			);
			runOnlyForDeploymentPostprocessing = 0;
		};
/* End PBXSourcesBuildPhase section */

/* Begin PBXTargetDependency section */
		FCB80ED91A0E2FF20022B1CA /* PBXTargetDependency */ = {
			isa = PBXTargetDependency;
			target = FCB80EBD1A0E2FF20022B1CA /* Walk to the Top */;
			targetProxy = FCB80ED81A0E2FF20022B1CA /* PBXContainerItemProxy */;
		};
/* End PBXTargetDependency section */

/* Begin PBXVariantGroup section */
		FCB80ECB1A0E2FF20022B1CA /* Main.storyboard */ = {
			isa = PBXVariantGroup;
			children = (
				FCB80ECC1A0E2FF20022B1CA /* Base */,
			);
			name = Main.storyboard;
			sourceTree = "<group>";
		};
/* End PBXVariantGroup section */

/* Begin XCBuildConfiguration section */
		FCB80EDF1A0E2FF20022B1CA /* Debug */ = {
			isa = XCBuildConfiguration;
			buildSettings = {
				ALWAYS_SEARCH_USER_PATHS = NO;
				CLANG_CXX_LANGUAGE_STANDARD = "gnu++0x";
				CLANG_CXX_LIBRARY = "libc++";
				CLANG_ENABLE_MODULES = YES;
				CLANG_ENABLE_OBJC_ARC = YES;
				CLANG_WARN_BOOL_CONVERSION = YES;
				CLANG_WARN_CONSTANT_CONVERSION = YES;
				CLANG_WARN_DIRECT_OBJC_ISA_USAGE = YES_ERROR;
				CLANG_WARN_EMPTY_BODY = YES;
				CLANG_WARN_ENUM_CONVERSION = YES;
				CLANG_WARN_INT_CONVERSION = YES;
				CLANG_WARN_OBJC_ROOT_CLASS = YES_ERROR;
				CLANG_WARN_UNREACHABLE_CODE = YES;
				CLANG_WARN__DUPLICATE_METHOD_MATCH = YES;
				"CODE_SIGN_IDENTITY[sdk=iphoneos*]" = "iPhone Developer";
				COPY_PHASE_STRIP = NO;
				ENABLE_STRICT_OBJC_MSGSEND = YES;
				GCC_C_LANGUAGE_STANDARD = gnu99;
				GCC_DYNAMIC_NO_PIC = NO;
				GCC_OPTIMIZATION_LEVEL = 0;
				GCC_PREPROCESSOR_DEFINITIONS = (
					"DEBUG=1",
					"$(inherited)",
				);
				GCC_SYMBOLS_PRIVATE_EXTERN = NO;
				GCC_WARN_64_TO_32_BIT_CONVERSION = YES;
				GCC_WARN_ABOUT_RETURN_TYPE = YES_ERROR;
				GCC_WARN_UNDECLARED_SELECTOR = YES;
				GCC_WARN_UNINITIALIZED_AUTOS = YES_AGGRESSIVE;
				GCC_WARN_UNUSED_FUNCTION = YES;
				GCC_WARN_UNUSED_VARIABLE = YES;
				IPHONEOS_DEPLOYMENT_TARGET = 8.1;
				MTL_ENABLE_DEBUG_INFO = YES;
				ONLY_ACTIVE_ARCH = YES;
				SDKROOT = iphoneos;
			};
			name = Debug;
		};
		FCB80EE01A0E2FF20022B1CA /* Release */ = {
			isa = XCBuildConfiguration;
			buildSettings = {
				ALWAYS_SEARCH_USER_PATHS = NO;
				CLANG_CXX_LANGUAGE_STANDARD = "gnu++0x";
				CLANG_CXX_LIBRARY = "libc++";
				CLANG_ENABLE_MODULES = YES;
				CLANG_ENABLE_OBJC_ARC = YES;
				CLANG_WARN_BOOL_CONVERSION = YES;
				CLANG_WARN_CONSTANT_CONVERSION = YES;
				CLANG_WARN_DIRECT_OBJC_ISA_USAGE = YES_ERROR;
				CLANG_WARN_EMPTY_BODY = YES;
				CLANG_WARN_ENUM_CONVERSION = YES;
				CLANG_WARN_INT_CONVERSION = YES;
				CLANG_WARN_OBJC_ROOT_CLASS = YES_ERROR;
				CLANG_WARN_UNREACHABLE_CODE = YES;
				CLANG_WARN__DUPLICATE_METHOD_MATCH = YES;
				"CODE_SIGN_IDENTITY[sdk=iphoneos*]" = "iPhone Developer";
				COPY_PHASE_STRIP = YES;
				ENABLE_NS_ASSERTIONS = NO;
				ENABLE_STRICT_OBJC_MSGSEND = YES;
				GCC_C_LANGUAGE_STANDARD = gnu99;
				GCC_WARN_64_TO_32_BIT_CONVERSION = YES;
				GCC_WARN_ABOUT_RETURN_TYPE = YES_ERROR;
				GCC_WARN_UNDECLARED_SELECTOR = YES;
				GCC_WARN_UNINITIALIZED_AUTOS = YES_AGGRESSIVE;
				GCC_WARN_UNUSED_FUNCTION = YES;
				GCC_WARN_UNUSED_VARIABLE = YES;
				IPHONEOS_DEPLOYMENT_TARGET = 8.1;
				MTL_ENABLE_DEBUG_INFO = NO;
				SDKROOT = iphoneos;
				VALIDATE_PRODUCT = YES;
			};
			name = Release;
		};
		FCB80EE21A0E2FF20022B1CA /* Debug */ = {
			isa = XCBuildConfiguration;
			buildSettings = {
				ASSETCATALOG_COMPILER_APPICON_NAME = AppIcon;
				CODE_SIGN_IDENTITY = "iPhone Developer";
				"CODE_SIGN_IDENTITY[sdk=iphoneos*]" = "iPhone Developer";
				FRAMEWORK_SEARCH_PATHS = "$(PROJECT_DIR)";
				INFOPLIST_FILE = "Walk to the Top/Info.plist";
				LD_RUNPATH_SEARCH_PATHS = "$(inherited) @executable_path/Frameworks";
				LIBRARY_SEARCH_PATHS = (
					"$(inherited)",
					/Users/mageonlys/Documents/ParseFacebookUtils.framework,
				);
				PRODUCT_NAME = "$(TARGET_NAME)";
				PROVISIONING_PROFILE = "";
				TARGETED_DEVICE_FAMILY = 1;
			};
			name = Debug;
		};
		FCB80EE31A0E2FF20022B1CA /* Release */ = {
			isa = XCBuildConfiguration;
			buildSettings = {
				ASSETCATALOG_COMPILER_APPICON_NAME = AppIcon;
				CODE_SIGN_IDENTITY = "iPhone Developer";
				"CODE_SIGN_IDENTITY[sdk=iphoneos*]" = "iPhone Developer";
				FRAMEWORK_SEARCH_PATHS = "$(PROJECT_DIR)";
				INFOPLIST_FILE = "Walk to the Top/Info.plist";
				LD_RUNPATH_SEARCH_PATHS = "$(inherited) @executable_path/Frameworks";
				LIBRARY_SEARCH_PATHS = (
					"$(inherited)",
					/Users/mageonlys/Documents/ParseFacebookUtils.framework,
				);
				PRODUCT_NAME = "$(TARGET_NAME)";
				PROVISIONING_PROFILE = "";
				TARGETED_DEVICE_FAMILY = 1;
			};
			name = Release;
		};
		FCB80EE51A0E2FF20022B1CA /* Debug */ = {
			isa = XCBuildConfiguration;
			buildSettings = {
				BUNDLE_LOADER = "$(TEST_HOST)";
				FRAMEWORK_SEARCH_PATHS = (
					"$(SDKROOT)/Developer/Library/Frameworks",
					"$(inherited)",
				);
				GCC_PREPROCESSOR_DEFINITIONS = (
					"DEBUG=1",
					"$(inherited)",
				);
				INFOPLIST_FILE = "Walk to the TopTests/Info.plist";
				LD_RUNPATH_SEARCH_PATHS = "$(inherited) @executable_path/Frameworks @loader_path/Frameworks";
				PRODUCT_NAME = "$(TARGET_NAME)";
				TEST_HOST = "$(BUILT_PRODUCTS_DIR)/Walk to the Top.app/Walk to the Top";
			};
			name = Debug;
		};
		FCB80EE61A0E2FF20022B1CA /* Release */ = {
			isa = XCBuildConfiguration;
			buildSettings = {
				BUNDLE_LOADER = "$(TEST_HOST)";
				FRAMEWORK_SEARCH_PATHS = (
					"$(SDKROOT)/Developer/Library/Frameworks",
					"$(inherited)",
				);
				INFOPLIST_FILE = "Walk to the TopTests/Info.plist";
				LD_RUNPATH_SEARCH_PATHS = "$(inherited) @executable_path/Frameworks @loader_path/Frameworks";
				PRODUCT_NAME = "$(TARGET_NAME)";
				TEST_HOST = "$(BUILT_PRODUCTS_DIR)/Walk to the Top.app/Walk to the Top";
			};
			name = Release;
		};
/* End XCBuildConfiguration section */

/* Begin XCConfigurationList section */
		FCB80EB91A0E2FF20022B1CA /* Build configuration list for PBXProject "Walk to the Top" */ = {
			isa = XCConfigurationList;
			buildConfigurations = (
				FCB80EDF1A0E2FF20022B1CA /* Debug */,
				FCB80EE01A0E2FF20022B1CA /* Release */,
			);
			defaultConfigurationIsVisible = 0;
			defaultConfigurationName = Release;
		};
		FCB80EE11A0E2FF20022B1CA /* Build configuration list for PBXNativeTarget "Walk to the Top" */ = {
			isa = XCConfigurationList;
			buildConfigurations = (
				FCB80EE21A0E2FF20022B1CA /* Debug */,
				FCB80EE31A0E2FF20022B1CA /* Release */,
			);
			defaultConfigurationIsVisible = 0;
			defaultConfigurationName = Release;
		};
		FCB80EE41A0E2FF20022B1CA /* Build configuration list for PBXNativeTarget "Walk to the TopTests" */ = {
			isa = XCConfigurationList;
			buildConfigurations = (
				FCB80EE51A0E2FF20022B1CA /* Debug */,
				FCB80EE61A0E2FF20022B1CA /* Release */,
			);
			defaultConfigurationIsVisible = 0;
			defaultConfigurationName = Release;
		};
/* End XCConfigurationList section */
	};
	rootObject = FCB80EB61A0E2FF20022B1CA /* Project object */;
}
